{
  "name": "@rpofuk/re-gen",
  "version": "1.0.0",
  "lockfileVersion": 1,
  "requires": true,
  "dependencies": {
    "asn1-packer": {
      "version": "1.0.0",
      "resolved": "https://registry.npmjs.org/asn1-packer/-/asn1-packer-1.0.0.tgz",
      "integrity": "sha512-41Z6LNHZBUuV8zJWmwuSLfB4KkysXXan+G4eIJZhYrT66E9hqctNxZ2+Tl8gadq/Nn/2I6SBUa6LCiifpu7WAA=="
    },
    "btoa": {
      "version": "1.2.1",
      "resolved": "https://registry.npmjs.org/btoa/-/btoa-1.2.1.tgz",
      "integrity": "sha512-SB4/MIGlsiVkMcHmT+pSmIPoNDoHg+7cMzmt3Uxt628MTz2487DKSqK/fuhFBrkuqrYv5UCEnACpF4dTFNKc/g=="
    },
    "commander": {
      "version": "2.20.0",
      "resolved": "https://registry.npmjs.org/commander/-/commander-2.20.0.tgz",
      "integrity": "sha512-7j2y+40w61zy6YC2iRNpUe/NwhNyoXrYpHMrSunaMG64nRnaf96zO/KMQR4OyN/UnE5KLyEBnKHd4aG3rskjpQ=="
    }
  }
}
